
Microsoft Visual Studio Solution File, Format Version 12.00
# Visual Studio Version 17
VisualStudioVersion = 17.8.34330.188
MinimumVisualStudioVersion = 10.0.40219.1
Project("{9A19103F-16F7-4668-BE54-9A1E7A4F7556}") = "EventMessageTool", "EventMessageTool.csproj", "{16660229-6E57-4806-96B0-6B53D9A5F96F}"
EndProject
Global
	GlobalSection(SolutionConfigurationPlatforms) = preSolution
		Debug|Any CPU = Debug|Any CPU
		Release|Any CPU = Release|Any CPU
	EndGlobalSection
	GlobalSection(ProjectConfigurationPlatforms) = postSolution
		{16660229-6E57-4806-96B0-6B53D9A5F96F}.Debug|Any CPU.ActiveCfg = Release|Any CPU
		{16660229-6E57-4806-96B0-6B53D9A5F96F}.Debug|Any CPU.Build.0 = Release|Any CPU
		{16660229-6E57-4806-96B0-6B53D9A5F96F}.Release|Any CPU.ActiveCfg = Debug|Any CPU
		{16660229-6E57-4806-96B0-6B53D9A5F96F}.Release|Any CPU.Build.0 = Debug|Any CPU
	EndGlobalSection
	GlobalSection(SolutionProperties) = preSolution
		HideSolutionNode = FALSE
	EndGlobalSection
	GlobalSection(ExtensibilityGlobals) = postSolution
		SolutionGuid = {5CAFBE54-96D9-49C1-A4ED-5D2953E848DC}
	EndGlobalSection
EndGlobal
